PODS:
  - DropDown (2.3.1)

DEPENDENCIES:
  - DropDown (from `https://github.com/AssistoLab/DropDown.git`)

EXTERNAL SOURCES:
  DropDown:
    :git: https://github.com/AssistoLab/DropDown.git

CHECKOUT OPTIONS:
  DropDown:
    :commit: 9926499d5da8541caaa101a3e280b2e40a1a2210
    :git: https://github.com/AssistoLab/DropDown.git

SPEC CHECKSUMS:
  DropDown: 64030b8bc3be37372e97b28e090466fc8e4610fe

PODFILE CHECKSUM: 0cd01c5012767d2a3263bfb02657c4e295ce2eae

COCOAPODS: 1.4.0
